// !$*UTF8*$!
{
	archiveVersion = 1;
	classes = {
	};
	objectVersion = 46;
	objects = {

/* Begin PBXBuildFile section */
		6624073F18ACF5A900885401 /* Foundation.framework in Frameworks */ = {isa = PBXBuildFile; fileRef = 6624073E18ACF5A900885401 /* Foundation.framework */; };
		6624074118ACF5A900885401 /* CoreGraphics.framework in Frameworks */ = {isa = PBXBuildFile; fileRef = 6624074018ACF5A900885401 /* CoreGraphics.framework */; };
		6624074318ACF5A900885401 /* UIKit.framework in Frameworks */ = {isa = PBXBuildFile; fileRef = 6624074218ACF5A900885401 /* UIKit.framework */; };
		6624074918ACF5A900885401 /* InfoPlist.strings in Resources */ = {isa = PBXBuildFile; fileRef = 6624074718ACF5A900885401 /* InfoPlist.strings */; };
		6624074B18ACF5A900885401 /* main.m in Sources */ = {isa = PBXBuildFile; fileRef = 6624074A18ACF5A900885401 /* main.m */; };
		6624074F18ACF5A900885401 /* AppDelegate.m in Sources */ = {isa = PBXBuildFile; fileRef = 6624074E18ACF5A900885401 /* AppDelegate.m */; };
		6624075218ACF5A900885401 /* Main_iPhone.storyboard in Resources */ = {isa = PBXBuildFile; fileRef = 6624075018ACF5A900885401 /* Main_iPhone.storyboard */; };
		6624075518ACF5A900885401 /* Main_iPad.storyboard in Resources */ = {isa = PBXBuildFile; fileRef = 6624075318ACF5A900885401 /* Main_iPad.storyboard */; };
		6624075818ACF5A900885401 /* ViewController.m in Sources */ = {isa = PBXBuildFile; fileRef = 6624075718ACF5A900885401 /* ViewController.m */; };
		6624075A18ACF5A900885401 /* Images.xcassets in Resources */ = {isa = PBXBuildFile; fileRef = 6624075918ACF5A900885401 /* Images.xcassets */; };
		6624076118ACF5A900885401 /* XCTest.framework in Frameworks */ = {isa = PBXBuildFile; fileRef = 6624076018ACF5A900885401 /* XCTest.framework */; };
		6624076218ACF5A900885401 /* Foundation.framework in Frameworks */ = {isa = PBXBuildFile; fileRef = 6624073E18ACF5A900885401 /* Foundation.framework */; };
		6624076318ACF5A900885401 /* UIKit.framework in Frameworks */ = {isa = PBXBuildFile; fileRef = 6624074218ACF5A900885401 /* UIKit.framework */; };
		6624076B18ACF5A900885401 /* InfoPlist.strings in Resources */ = {isa = PBXBuildFile; fileRef = 6624076918ACF5A900885401 /* InfoPlist.strings */; };
		6624076D18ACF5A900885401 /* NotificationTrackerTests.m in Sources */ = {isa = PBXBuildFile; fileRef = 6624076C18ACF5A900885401 /* NotificationTrackerTests.m */; };
		6624077A18ACF63E00885401 /* IKNotificationTracker.m in Sources */ = {isa = PBXBuildFile; fileRef = 6624077918ACF63E00885401 /* IKNotificationTracker.m */; };
		6624077B18ACF63E00885401 /* IKNotificationTracker.m in Sources */ = {isa = PBXBuildFile; fileRef = 6624077918ACF63E00885401 /* IKNotificationTracker.m */; };
/* End PBXBuildFile section */

/* Begin PBXContainerItemProxy section */
		6624076418ACF5A900885401 /* PBXContainerItemProxy */ = {
			isa = PBXContainerItemProxy;
			containerPortal = 6624073318ACF5A900885401 /* Project object */;
			proxyType = 1;
			remoteGlobalIDString = 6624073A18ACF5A900885401;
			remoteInfo = NotificationTracker;
		};
/* End PBXContainerItemProxy section */

/* Begin PBXFileReference section */
		6624073B18ACF5A900885401 /* NotificationTracker.app */ = {isa = PBXFileReference; explicitFileType = wrapper.application; includeInIndex = 0; path = NotificationTracker.app; sourceTree = BUILT_PRODUCTS_DIR; };
		6624073E18ACF5A900885401 /* Foundation.framework */ = {isa = PBXFileReference; lastKnownFileType = wrapper.framework; name = Foundation.framework; path = System/Library/Frameworks/Foundation.framework; sourceTree = SDKROOT; };
		6624074018ACF5A900885401 /* CoreGraphics.framework */ = {isa = PBXFileReference; lastKnownFileType = wrapper.framework; name = CoreGraphics.framework; path = System/Library/Frameworks/CoreGraphics.framework; sourceTree = SDKROOT; };
		6624074218ACF5A900885401 /* UIKit.framework */ = {isa = PBXFileReference; lastKnownFileType = wrapper.framework; name = UIKit.framework; path = System/Library/Frameworks/UIKit.framework; sourceTree = SDKROOT; };
		6624074618ACF5A900885401 /* NotificationTracker-Info.plist */ = {isa = PBXFileReference; lastKnownFileType = text.plist.xml; path = "NotificationTracker-Info.plist"; sourceTree = "<group>"; };
		6624074818ACF5A900885401 /* en */ = {isa = PBXFileReference; lastKnownFileType = text.plist.strings; name = en; path = en.lproj/InfoPlist.strings; sourceTree = "<group>"; };
		6624074A18ACF5A900885401 /* main.m */ = {isa = PBXFileReference; lastKnownFileType = sourcecode.c.objc; path = main.m; sourceTree = "<group>"; };
		6624074C18ACF5A900885401 /* NotificationTracker-Prefix.pch */ = {isa = PBXFileReference; lastKnownFileType = sourcecode.c.h; path = "NotificationTracker-Prefix.pch"; sourceTree = "<group>"; };
		6624074D18ACF5A900885401 /* AppDelegate.h */ = {isa = PBXFileReference; lastKnownFileType = sourcecode.c.h; path = AppDelegate.h; sourceTree = "<group>"; };
		6624074E18ACF5A900885401 /* AppDelegate.m */ = {isa = PBXFileReference; lastKnownFileType = sourcecode.c.objc; path = AppDelegate.m; sourceTree = "<group>"; };
		6624075118ACF5A900885401 /* Base */ = {isa = PBXFileReference; lastKnownFileType = file.storyboard; name = Base; path = Base.lproj/Main_iPhone.storyboard; sourceTree = "<group>"; };
		6624075418ACF5A900885401 /* Base */ = {isa = PBXFileReference; lastKnownFileType = file.storyboard; name = Base; path = Base.lproj/Main_iPad.storyboard; sourceTree = "<group>"; };
		6624075618ACF5A900885401 /* ViewController.h */ = {isa = PBXFileReference; lastKnownFileType = sourcecode.c.h; path = ViewController.h; sourceTree = "<group>"; };
		6624075718ACF5A900885401 /* ViewController.m */ = {isa = PBXFileReference; lastKnownFileType = sourcecode.c.objc; path = ViewController.m; sourceTree = "<group>"; };
		6624075918ACF5A900885401 /* Images.xcassets */ = {isa = PBXFileReference; lastKnownFileType = folder.assetcatalog; path = Images.xcassets; sourceTree = "<group>"; };
		6624075F18ACF5A900885401 /* NotificationTrackerTests.xctest */ = {isa = PBXFileReference; explicitFileType = wrapper.cfbundle; includeInIndex = 0; path = NotificationTrackerTests.xctest; sourceTree = BUILT_PRODUCTS_DIR; };
		6624076018ACF5A900885401 /* XCTest.framework */ = {isa = PBXFileReference; lastKnownFileType = wrapper.framework; name = XCTest.framework; path = Library/Frameworks/XCTest.framework; sourceTree = DEVELOPER_DIR; };
		6624076818ACF5A900885401 /* NotificationTrackerTests-Info.plist */ = {isa = PBXFileReference; lastKnownFileType = text.plist.xml; path = "NotificationTrackerTests-Info.plist"; sourceTree = "<group>"; };
		6624076A18ACF5A900885401 /* en */ = {isa = PBXFileReference; lastKnownFileType = text.plist.strings; name = en; path = en.lproj/InfoPlist.strings; sourceTree = "<group>"; };
		6624076C18ACF5A900885401 /* NotificationTrackerTests.m */ = {isa = PBXFileReference; lastKnownFileType = sourcecode.c.objc; path = NotificationTrackerTests.m; sourceTree = "<group>"; };
		6624077818ACF63E00885401 /* IKNotificationTracker.h */ = {isa = PBXFileReference; fileEncoding = 4; lastKnownFileType = sourcecode.c.h; path = IKNotificationTracker.h; sourceTree = "<group>"; };
		6624077918ACF63E00885401 /* IKNotificationTracker.m */ = {isa = PBXFileReference; fileEncoding = 4; lastKnownFileType = sourcecode.c.objc; path = IKNotificationTracker.m; sourceTree = "<group>"; };
/* End PBXFileReference section */

/* Begin PBXFrameworksBuildPhase section */
		6624073818ACF5A900885401 /* Frameworks */ = {
			isa = PBXFrameworksBuildPhase;
			buildActionMask = 2147483647;
			files = (
				6624074118ACF5A900885401 /* CoreGraphics.framework in Frameworks */,
				6624074318ACF5A900885401 /* UIKit.framework in Frameworks */,
				6624073F18ACF5A900885401 /* Foundation.framework in Frameworks */,
			);
			runOnlyForDeploymentPostprocessing = 0;
		};
		6624075C18ACF5A900885401 /* Frameworks */ = {
			isa = PBXFrameworksBuildPhase;
			buildActionMask = 2147483647;
			files = (
				6624076118ACF5A900885401 /* XCTest.framework in Frameworks */,
				6624076318ACF5A900885401 /* UIKit.framework in Frameworks */,
				6624076218ACF5A900885401 /* Foundation.framework in Frameworks */,
			);
			runOnlyForDeploymentPostprocessing = 0;
		};
/* End PBXFrameworksBuildPhase section */

/* Begin PBXGroup section */
		6624073218ACF5A900885401 = {
			isa = PBXGroup;
			children = (
				6624074418ACF5A900885401 /* NotificationTracker */,
				6624076618ACF5A900885401 /* NotificationTrackerTests */,
				6624073D18ACF5A900885401 /* Frameworks */,
				6624073C18ACF5A900885401 /* Products */,
			);
			sourceTree = "<group>";
		};
		6624073C18ACF5A900885401 /* Products */ = {
			isa = PBXGroup;
			children = (
				6624073B18ACF5A900885401 /* NotificationTracker.app */,
				6624075F18ACF5A900885401 /* NotificationTrackerTests.xctest */,
			);
			name = Products;
			sourceTree = "<group>";
		};
		6624073D18ACF5A900885401 /* Frameworks */ = {
			isa = PBXGroup;
			children = (
				6624073E18ACF5A900885401 /* Foundation.framework */,
				6624074018ACF5A900885401 /* CoreGraphics.framework */,
				6624074218ACF5A900885401 /* UIKit.framework */,
				6624076018ACF5A900885401 /* XCTest.framework */,
			);
			name = Frameworks;
			sourceTree = "<group>";
		};
		6624074418ACF5A900885401 /* NotificationTracker */ = {
			isa = PBXGroup;
			children = (
				6624077718ACF5DC00885401 /* Tracker */,
				6624077618ACF5C200885401 /* Sample app */,
				6624074518ACF5A900885401 /* Supporting Files */,
			);
			path = NotificationTracker;
			sourceTree = "<group>";
		};
		6624074518ACF5A900885401 /* Supporting Files */ = {
			isa = PBXGroup;
			children = (
				6624074618ACF5A900885401 /* NotificationTracker-Info.plist */,
				6624074718ACF5A900885401 /* InfoPlist.strings */,
				6624074A18ACF5A900885401 /* main.m */,
				6624074C18ACF5A900885401 /* NotificationTracker-Prefix.pch */,
			);
			name = "Supporting Files";
			sourceTree = "<group>";
		};
		6624076618ACF5A900885401 /* NotificationTrackerTests */ = {
			isa = PBXGroup;
			children = (
				6624076C18ACF5A900885401 /* NotificationTrackerTests.m */,
				6624076718ACF5A900885401 /* Supporting Files */,
			);
			path = NotificationTrackerTests;
			sourceTree = "<group>";
		};
		6624076718ACF5A900885401 /* Supporting Files */ = {
			isa = PBXGroup;
			children = (
				6624076818ACF5A900885401 /* NotificationTrackerTests-Info.plist */,
				6624076918ACF5A900885401 /* InfoPlist.strings */,
			);
			name = "Supporting Files";
			sourceTree = "<group>";
		};
		6624077618ACF5C200885401 /* Sample app */ = {
			isa = PBXGroup;
			children = (
				6624074D18ACF5A900885401 /* AppDelegate.h */,
				6624074E18ACF5A900885401 /* AppDelegate.m */,
				6624075018ACF5A900885401 /* Main_iPhone.storyboard */,
				6624075318ACF5A900885401 /* Main_iPad.storyboard */,
				6624075618ACF5A900885401 /* ViewController.h */,
				6624075718ACF5A900885401 /* ViewController.m */,
				6624075918ACF5A900885401 /* Images.xcassets */,
			);
			name = "Sample app";
			sourceTree = "<group>";
		};
		6624077718ACF5DC00885401 /* Tracker */ = {
			isa = PBXGroup;
			children = (
				6624077818ACF63E00885401 /* IKNotificationTracker.h */,
				6624077918ACF63E00885401 /* IKNotificationTracker.m */,
			);
			name = Tracker;
			sourceTree = "<group>";
		};
/* End PBXGroup section */

/* Begin PBXNativeTarget section */
		6624073A18ACF5A900885401 /* NotificationTracker */ = {
			isa = PBXNativeTarget;
			buildConfigurationList = 6624077018ACF5A900885401 /* Build configuration list for PBXNativeTarget "NotificationTracker" */;
			buildPhases = (
				6624073718ACF5A900885401 /* Sources */,
				6624073818ACF5A900885401 /* Frameworks */,
				6624073918ACF5A900885401 /* Resources */,
			);
			buildRules = (
			);
			dependencies = (
			);
			name = NotificationTracker;
			productName = NotificationTracker;
			productReference = 6624073B18ACF5A900885401 /* NotificationTracker.app */;
			productType = "com.apple.product-type.application";
		};
		6624075E18ACF5A900885401 /* NotificationTrackerTests */ = {
			isa = PBXNativeTarget;
			buildConfigurationList = 6624077318ACF5A900885401 /* Build configuration list for PBXNativeTarget "NotificationTrackerTests" */;
			buildPhases = (
				6624075B18ACF5A900885401 /* Sources */,
				6624075C18ACF5A900885401 /* Frameworks */,
				6624075D18ACF5A900885401 /* Resources */,
			);
			buildRules = (
			);
			dependencies = (
				6624076518ACF5A900885401 /* PBXTargetDependency */,
			);
			name = NotificationTrackerTests;
			productName = NotificationTrackerTests;
			productReference = 6624075F18ACF5A900885401 /* NotificationTrackerTests.xctest */;
			productType = "com.apple.product-type.bundle.unit-test";
		};
/* End PBXNativeTarget section */

/* Begin PBXProject section */
		6624073318ACF5A900885401 /* Project object */ = {
			isa = PBXProject;
			attributes = {
				LastUpgradeCheck = 0500;
				ORGANIZATIONNAME = ikarius;
				TargetAttributes = {
					6624075E18ACF5A900885401 = {
						TestTargetID = 6624073A18ACF5A900885401;
					};
				};
			};
			buildConfigurationList = 6624073618ACF5A900885401 /* Build configuration list for PBXProject "NotificationTracker" */;
			compatibilityVersion = "Xcode 3.2";
			developmentRegion = English;
			hasScannedForEncodings = 0;
			knownRegions = (
				en,
				Base,
			);
			mainGroup = 6624073218ACF5A900885401;
			productRefGroup = 6624073C18ACF5A900885401 /* Products */;
			projectDirPath = "";
			projectRoot = "";
			targets = (
				6624073A18ACF5A900885401 /* NotificationTracker */,
				6624075E18ACF5A900885401 /* NotificationTrackerTests */,
			);
		};
/* End PBXProject section */

/* Begin PBXResourcesBuildPhase section */
		6624073918ACF5A900885401 /* Resources */ = {
			isa = PBXResourcesBuildPhase;
			buildActionMask = 2147483647;
			files = (
				6624075518ACF5A900885401 /* Main_iPad.storyboard in Resources */,
				6624075A18ACF5A900885401 /* Images.xcassets in Resources */,
				6624075218ACF5A900885401 /* Main_iPhone.storyboard in Resources */,
				6624074918ACF5A900885401 /* InfoPlist.strings in Resources */,
			);
			runOnlyForDeploymentPostprocessing = 0;
		};
		6624075D18ACF5A900885401 /* Resources */ = {
			isa = PBXResourcesBuildPhase;
			buildActionMask = 2147483647;
			files = (
				6624076B18ACF5A900885401 /* InfoPlist.strings in Resources */,
			);
			runOnlyForDeploymentPostprocessing = 0;
		};
/* End PBXResourcesBuildPhase section */

/* Begin PBXSourcesBuildPhase section */
		6624073718ACF5A900885401 /* Sources */ = {
			isa = PBXSourcesBuildPhase;
			buildActionMask = 2147483647;
			files = (
				6624077A18ACF63E00885401 /* IKNotificationTracker.m in Sources */,
				6624075818ACF5A900885401 /* ViewController.m in Sources */,
				6624074F18ACF5A900885401 /* AppDelegate.m in Sources */,
				6624074B18ACF5A900885401 /* main.m in Sources */,
			);
			runOnlyForDeploymentPostprocessing = 0;
		};
		6624075B18ACF5A900885401 /* Sources */ = {
			isa = PBXSourcesBuildPhase;
			buildActionMask = 2147483647;
			files = (
				6624077B18ACF63E00885401 /* IKNotificationTracker.m in Sources */,
				6624076D18ACF5A900885401 /* NotificationTrackerTests.m in Sources */,
			);
			runOnlyForDeploymentPostprocessing = 0;
		};
/* End PBXSourcesBuildPhase section */

/* Begin PBXTargetDependency section */
		6624076518ACF5A900885401 /* PBXTargetDependency */ = {
			isa = PBXTargetDependency;
			target = 6624073A18ACF5A900885401 /* NotificationTracker */;
			targetProxy = 6624076418ACF5A900885401 /* PBXContainerItemProxy */;
		};
/* End PBXTargetDependency section */

/* Begin PBXVariantGroup section */
		6624074718ACF5A900885401 /* InfoPlist.strings */ = {
			isa = PBXVariantGroup;
			children = (
				6624074818ACF5A900885401 /* en */,
			);
			name = InfoPlist.strings;
			sourceTree = "<group>";
		};
		6624075018ACF5A900885401 /* Main_iPhone.storyboard */ = {
			isa = PBXVariantGroup;
			children = (
				6624075118ACF5A900885401 /* Base */,
			);
			name = Main_iPhone.storyboard;
			sourceTree = "<group>";
		};
		6624075318ACF5A900885401 /* Main_iPad.storyboard */ = {
			isa = PBXVariantGroup;
			children = (
				6624075418ACF5A900885401 /* Base */,
			);
			name = Main_iPad.storyboard;
			sourceTree = "<group>";
		};
		6624076918ACF5A900885401 /* InfoPlist.strings */ = {
			isa = PBXVariantGroup;
			children = (
				6624076A18ACF5A900885401 /* en */,
			);
			name = InfoPlist.strings;
			sourceTree = "<group>";
		};
/* End PBXVariantGroup section */

/* Begin XCBuildConfiguration section */
		6624076E18ACF5A900885401 /* Debug */ = {
			isa = XCBuildConfiguration;
			buildSettings = {
				ALWAYS_SEARCH_USER_PATHS = NO;
				ARCHS = "$(ARCHS_STANDARD_INCLUDING_64_BIT)";
				CLANG_CXX_LANGUAGE_STANDARD = "gnu++0x";
				CLANG_CXX_LIBRARY = "libc++";
				CLANG_ENABLE_MODULES = YES;
				CLANG_ENABLE_OBJC_ARC = YES;
				CLANG_WARN_BOOL_CONVERSION = YES;
				CLANG_WARN_CONSTANT_CONVERSION = YES;
				CLANG_WARN_DIRECT_OBJC_ISA_USAGE = YES_ERROR;
				CLANG_WARN_EMPTY_BODY = YES;
				CLANG_WARN_ENUM_CONVERSION = YES;
				CLANG_WARN_INT_CONVERSION = YES;
				CLANG_WARN_OBJC_ROOT_CLASS = YES_ERROR;
				CLANG_WARN__DUPLICATE_METHOD_MATCH = YES;
				"CODE_SIGN_IDENTITY[sdk=iphoneos*]" = "iPhone Developer";
				COPY_PHASE_STRIP = NO;
				GCC_C_LANGUAGE_STANDARD = gnu99;
				GCC_DYNAMIC_NO_PIC = NO;
				GCC_OPTIMIZATION_LEVEL = 0;
				GCC_PREPROCESSOR_DEFINITIONS = (
					"DEBUG=1",
					"$(inherited)",
				);
				GCC_SYMBOLS_PRIVATE_EXTERN = NO;
				GCC_WARN_64_TO_32_BIT_CONVERSION = YES;
				GCC_WARN_ABOUT_RETURN_TYPE = YES_ERROR;
				GCC_WARN_UNDECLARED_SELECTOR = YES;
				GCC_WARN_UNINITIALIZED_AUTOS = YES;
				GCC_WARN_UNUSED_FUNCTION = YES;
				GCC_WARN_UNUSED_VARIABLE = YES;
				IPHONEOS_DEPLOYMENT_TARGET = 7.0;
				ONLY_ACTIVE_ARCH = YES;
				SDKROOT = iphoneos;
				TARGETED_DEVICE_FAMILY = "1,2";
			};
			name = Debug;
		};
		6624076F18ACF5A900885401 /* Release */ = {
			isa = XCBuildConfiguration;
			buildSettings = {
				ALWAYS_SEARCH_USER_PATHS = NO;
				ARCHS = "$(ARCHS_STANDARD_INCLUDING_64_BIT)";
				CLANG_CXX_LANGUAGE_STANDARD = "gnu++0x";
				CLANG_CXX_LIBRARY = "libc++";
				CLANG_ENABLE_MODULES = YES;
				CLANG_ENABLE_OBJC_ARC = YES;
				CLANG_WARN_BOOL_CONVERSION = YES;
				CLANG_WARN_CONSTANT_CONVERSION = YES;
				CLANG_WARN_DIRECT_OBJC_ISA_USAGE = YES_ERROR;
				CLANG_WARN_EMPTY_BODY = YES;
				CLANG_WARN_ENUM_CONVERSION = YES;
				CLANG_WARN_INT_CONVERSION = YES;
				CLANG_WARN_OBJC_ROOT_CLASS = YES_ERROR;
				CLANG_WARN__DUPLICATE_METHOD_MATCH = YES;
				"CODE_SIGN_IDENTITY[sdk=iphoneos*]" = "iPhone Developer";
				COPY_PHASE_STRIP = YES;
				ENABLE_NS_ASSERTIONS = NO;
				GCC_C_LANGUAGE_STANDARD = gnu99;
				GCC_WARN_64_TO_32_BIT_CONVERSION = YES;
				GCC_WARN_ABOUT_RETURN_TYPE = YES_ERROR;
				GCC_WARN_UNDECLARED_SELECTOR = YES;
				GCC_WARN_UNINITIALIZED_AUTOS = YES;
				GCC_WARN_UNUSED_FUNCTION = YES;
				GCC_WARN_UNUSED_VARIABLE = YES;
				IPHONEOS_DEPLOYMENT_TARGET = 7.0;
				SDKROOT = iphoneos;
				TARGETED_DEVICE_FAMILY = "1,2";
				VALIDATE_PRODUCT = YES;
			};
			name = Release;
		};
		6624077118ACF5A900885401 /* Debug */ = {
			isa = XCBuildConfiguration;
			buildSettings = {
				ASSETCATALOG_COMPILER_APPICON_NAME = AppIcon;
				ASSETCATALOG_COMPILER_LAUNCHIMAGE_NAME = LaunchImage;
				GCC_PRECOMPILE_PREFIX_HEADER = YES;
				GCC_PREFIX_HEADER = "NotificationTracker/NotificationTracker-Prefix.pch";
				INFOPLIST_FILE = "NotificationTracker/NotificationTracker-Info.plist";
				PRODUCT_NAME = "$(TARGET_NAME)";
				WRAPPER_EXTENSION = app;
			};
			name = Debug;
		};
		6624077218ACF5A900885401 /* Release */ = {
			isa = XCBuildConfiguration;
			buildSettings = {
				ASSETCATALOG_COMPILER_APPICON_NAME = AppIcon;
				ASSETCATALOG_COMPILER_LAUNCHIMAGE_NAME = LaunchImage;
				GCC_PRECOMPILE_PREFIX_HEADER = YES;
				GCC_PREFIX_HEADER = "NotificationTracker/NotificationTracker-Prefix.pch";
				INFOPLIST_FILE = "NotificationTracker/NotificationTracker-Info.plist";
				PRODUCT_NAME = "$(TARGET_NAME)";
				WRAPPER_EXTENSION = app;
			};
			name = Release;
		};
		6624077418ACF5A900885401 /* Debug */ = {
			isa = XCBuildConfiguration;
			buildSettings = {
				ARCHS = "$(ARCHS_STANDARD_INCLUDING_64_BIT)";
				BUNDLE_LOADER = "$(BUILT_PRODUCTS_DIR)/NotificationTracker.app/NotificationTracker";
				FRAMEWORK_SEARCH_PATHS = (
					"$(SDKROOT)/Developer/Library/Frameworks",
					"$(inherited)",
					"$(DEVELOPER_FRAMEWORKS_DIR)",
				);
				GCC_PRECOMPILE_PREFIX_HEADER = YES;
				GCC_PREFIX_HEADER = "NotificationTracker/NotificationTracker-Prefix.pch";
				GCC_PREPROCESSOR_DEFINITIONS = (
					"DEBUG=1",
					"$(inherited)",
				);
				INFOPLIST_FILE = "NotificationTrackerTests/NotificationTrackerTests-Info.plist";
				PRODUCT_NAME = "$(TARGET_NAME)";
				TEST_HOST = "$(BUNDLE_LOADER)";
				WRAPPER_EXTENSION = xctest;
			};
			name = Debug;
		};
		6624077518ACF5A900885401 /* Release */ = {
			isa = XCBuildConfiguration;
			buildSettings = {
				ARCHS = "$(ARCHS_STANDARD_INCLUDING_64_BIT)";
				BUNDLE_LOADER = "$(BUILT_PRODUCTS_DIR)/NotificationTracker.app/NotificationTracker";
				FRAMEWORK_SEARCH_PATHS = (
					"$(SDKROOT)/Developer/Library/Frameworks",
					"$(inherited)",
					"$(DEVELOPER_FRAMEWORKS_DIR)",
				);
				GCC_PRECOMPILE_PREFIX_HEADER = YES;
				GCC_PREFIX_HEADER = "NotificationTracker/NotificationTracker-Prefix.pch";
				INFOPLIST_FILE = "NotificationTrackerTests/NotificationTrackerTests-Info.plist";
				PRODUCT_NAME = "$(TARGET_NAME)";
				TEST_HOST = "$(BUNDLE_LOADER)";
				WRAPPER_EXTENSION = xctest;
			};
			name = Release;
		};
/* End XCBuildConfiguration section */

/* Begin XCConfigurationList section */
		6624073618ACF5A900885401 /* Build configuration list for PBXProject "NotificationTracker" */ = {
			isa = XCConfigurationList;
			buildConfigurations = (
				6624076E18ACF5A900885401 /* Debug */,
				6624076F18ACF5A900885401 /* Release */,
			);
			defaultConfigurationIsVisible = 0;
			defaultConfigurationName = Release;
		};
		6624077018ACF5A900885401 /* Build configuration list for PBXNativeTarget "NotificationTracker" */ = {
			isa = XCConfigurationList;
			buildConfigurations = (
				6624077118ACF5A900885401 /* Debug */,
				6624077218ACF5A900885401 /* Release */,
			);
			defaultConfigurationIsVisible = 0;
			defaultConfigurationName = Release;
		};
		6624077318ACF5A900885401 /* Build configuration list for PBXNativeTarget "NotificationTrackerTests" */ = {
			isa = XCConfigurationList;
			buildConfigurations = (
				6624077418ACF5A900885401 /* Debug */,
				6624077518ACF5A900885401 /* Release */,
			);
			defaultConfigurationIsVisible = 0;
			defaultConfigurationName = Release;
		};
/* End XCConfigurationList section */
	};
	rootObject = 6624073318ACF5A900885401 /* Project object */;
}
